
Microsoft Visual Studio Solution File, Format Version 12.00
# Visual Studio Version 17
VisualStudioVersion = 17.14.36414.22
MinimumVisualStudioVersion = 10.0.40219.1
Project("{2150E333-8FDC-42A3-9474-1A3956D46DE8}") = "Microservices", "Microservices", "{4F0BDEF9-408D-410B-9883-162B1CD3BD7A}"
EndProject
Project("{FAE04EC0-301F-11D3-BF4B-00C04F79EFBC}") = "Doccure.BranchService", "Microservices\Doccure.BranchService\Doccure.BranchService.csproj", "{3AEBF7E2-6960-4FEA-887A-870BE3F7B6F8}"
EndProject
Project("{FAE04EC0-301F-11D3-BF4B-00C04F79EFBC}") = "Doccure.DoctorService", "Microservices\Doccure.DoctorService\Doccure.DoctorService.csproj", "{71C71A4D-0444-476D-8380-73F875674ABB}"
EndProject
Project("{FAE04EC0-301F-11D3-BF4B-00C04F79EFBC}") = "Doccure.ReviewService", "Microservices\Doccure.ReviewService\Doccure.ReviewService.csproj", "{7973ED78-C0FA-461A-A76F-1B73B6E7E588}"
EndProject
Project("{FAE04EC0-301F-11D3-BF4B-00C04F79EFBC}") = "Doccure.AppointmentService", "Microservices\Doccure.AppointmentService\Doccure.AppointmentService.csproj", "{52F5897B-5024-4232-9BBE-1136ACFECE39}"
EndProject
Global
	GlobalSection(SolutionConfigurationPlatforms) = preSolution
		Debug|Any CPU = Debug|Any CPU
		Release|Any CPU = Release|Any CPU
	EndGlobalSection
	GlobalSection(ProjectConfigurationPlatforms) = postSolution
		{3AEBF7E2-6960-4FEA-887A-870BE3F7B6F8}.Debug|Any CPU.ActiveCfg = Debug|Any CPU
		{3AEBF7E2-6960-4FEA-887A-870BE3F7B6F8}.Debug|Any CPU.Build.0 = Debug|Any CPU
		{3AEBF7E2-6960-4FEA-887A-870BE3F7B6F8}.Release|Any CPU.ActiveCfg = Release|Any CPU
		{3AEBF7E2-6960-4FEA-887A-870BE3F7B6F8}.Release|Any CPU.Build.0 = Release|Any CPU
		{71C71A4D-0444-476D-8380-73F875674ABB}.Debug|Any CPU.ActiveCfg = Debug|Any CPU
		{71C71A4D-0444-476D-8380-73F875674ABB}.Debug|Any CPU.Build.0 = Debug|Any CPU
		{71C71A4D-0444-476D-8380-73F875674ABB}.Release|Any CPU.ActiveCfg = Release|Any CPU
		{71C71A4D-0444-476D-8380-73F875674ABB}.Release|Any CPU.Build.0 = Release|Any CPU
		{7973ED78-C0FA-461A-A76F-1B73B6E7E588}.Debug|Any CPU.ActiveCfg = Debug|Any CPU
		{7973ED78-C0FA-461A-A76F-1B73B6E7E588}.Debug|Any CPU.Build.0 = Debug|Any CPU
		{7973ED78-C0FA-461A-A76F-1B73B6E7E588}.Release|Any CPU.ActiveCfg = Release|Any CPU
		{7973ED78-C0FA-461A-A76F-1B73B6E7E588}.Release|Any CPU.Build.0 = Release|Any CPU
		{52F5897B-5024-4232-9BBE-1136ACFECE39}.Debug|Any CPU.ActiveCfg = Debug|Any CPU
		{52F5897B-5024-4232-9BBE-1136ACFECE39}.Debug|Any CPU.Build.0 = Debug|Any CPU
		{52F5897B-5024-4232-9BBE-1136ACFECE39}.Release|Any CPU.ActiveCfg = Release|Any CPU
		{52F5897B-5024-4232-9BBE-1136ACFECE39}.Release|Any CPU.Build.0 = Release|Any CPU
	EndGlobalSection
	GlobalSection(SolutionProperties) = preSolution
		HideSolutionNode = FALSE
	EndGlobalSection
	GlobalSection(NestedProjects) = preSolution
		{3AEBF7E2-6960-4FEA-887A-870BE3F7B6F8} = {4F0BDEF9-408D-410B-9883-162B1CD3BD7A}
		{71C71A4D-0444-476D-8380-73F875674ABB} = {4F0BDEF9-408D-410B-9883-162B1CD3BD7A}
		{7973ED78-C0FA-461A-A76F-1B73B6E7E588} = {4F0BDEF9-408D-410B-9883-162B1CD3BD7A}
	EndGlobalSection
	GlobalSection(ExtensibilityGlobals) = postSolution
		SolutionGuid = {4FBD5A18-A437-4EFD-9FBE-7E3BBDDE0817}
	EndGlobalSection
EndGlobal
